# THIS IS AN AUTOGENERATED FILE. DO NOT EDIT THIS FILE DIRECTLY.
# yarn lockfile v1


"@strdst/tsconfig@^1.0.3":
  version "1.0.3"
  resolved "https://npm.pkg.github.com/download/@strdst/tsconfig/1.0.3/ce0fcc97e9ff1634f449cd3812a355cc1749d1ec6afb0c75b61f640f3ba5cd6e#d52e1e5b27f7967715df03cca76f3620fa3f831a"
  integrity sha512-Tmml1gR9pYMvoVjB5/ekW4ZcrzyUhKMQE/oKD/lwe95xRbBd5ULKPalClK7/1Mf/eBIM+oe7v2vYBRjhfUQKOw==
  dependencies:
    "@tsconfig/node14" "^1.0.0"

"@strdst/utils.binary@^1.0.5":
  version "1.0.5"
  resolved "https://npm.pkg.github.com/download/@strdst/utils.binary/1.0.5/4fb8e9a8999cf8f76cce8df62edb8f162c1fde5952311d36827b9cc52b99d468#271e30b1984f477798d594ddec475e9c9f4ddb3d"
  integrity sha512-VpnQL4Xz+m8Yg4KkI3KNeO7YTqVs8FeruTNa5CyO5DBledRmi51nzJH/EwXrnqNnM4S8m3/lIkeHbcHYCqqM3w==
  dependencies:
    "@strdst/utils.nbt" "^1.0.2"
    uuid "^8.3.0"

"@strdst/utils.nbt@^1.0.2":
  version "1.0.2"
  resolved "https://npm.pkg.github.com/download/@strdst/utils.nbt/1.0.2/2ac0ab43add66538c356ebc40e536e300a88bdcd65f2566e7b7110e81c49091d#df949dc867568e290bc02dd9f2d2b591426d35a6"
  integrity sha512-vfGQuAlAfWYneIjHPDyQ4Z4+VUh85RaygVAg6PoZA3yiY51eGyMOMf+VHoSEmAcIFjr8rJZCb5Tenfcz0EfFBw==

"@strdstnet/utils.binary@^1.1.5":
  version "1.1.5"
  resolved "https://npm.pkg.github.com/download/@strdstnet/utils.binary/1.1.5/64c879b8d35ac15c6a8c5496f208ec6eddc842b33c99598ffee38fae0357b0e5#b584bff9b93da37e503f1863cb55c3d4517b6989"
  integrity sha512-hkGlwpVmty7xZsKZBirgqOBrsCEwiUtzBIiTrZ7LxLAD/dKNkI5ZeDXFCb57nky6JLsXgU2kH6eaWTs0cFZH6g==
  dependencies:
    "@strdst/utils.binary" "^1.0.5"
    "@strdst/utils.nbt" "^1.0.2"
    uuid "^8.3.0"

"@tsconfig/node14@^1.0.0":
  version "1.0.0"
  resolved "https://registry.yarnpkg.com/@tsconfig/node14/-/node14-1.0.0.tgz#5bd046e508b1ee90bc091766758838741fdefd6e"
  integrity sha512-RKkL8eTdPv6t5EHgFKIVQgsDapugbuOptNd9OOunN/HAkzmmTnZELx1kNCK0rSdUYGmiFMM3rRQMAWiyp023LQ==

"@types/node@^14.14.10":
  version "14.14.10"
  resolved "https://registry.yarnpkg.com/@types/node/-/node-14.14.10.tgz#5958a82e41863cfc71f2307b3748e3491ba03785"
  integrity sha512-J32dgx2hw8vXrSbu4ZlVhn1Nm3GbeCFNw2FWL8S5QKucHGY0cyNwjdQdO+KMBZ4wpmC7KhLCiNsdk1RFRIYUQQ==

typescript@^4.1.2:
  version "4.1.2"
  resolved "https://registry.yarnpkg.com/typescript/-/typescript-4.1.2.tgz#6369ef22516fe5e10304aae5a5c4862db55380e9"
  integrity sha512-thGloWsGH3SOxv1SoY7QojKi0tc+8FnOmiarEGMbd/lar7QOEd3hvlx3Fp5y6FlDUGl9L+pd4n2e+oToGMmhRQ==

uuid@^8.3.0:
  version "8.3.1"
  resolved "https://registry.yarnpkg.com/uuid/-/uuid-8.3.1.tgz#2ba2e6ca000da60fce5a196954ab241131e05a31"
  integrity sha512-FOmRr+FmWEIG8uhZv6C2bTgEVXsHk08kE7mPlrBbEe+c3r9pjceVPgupIfNIhc4yx55H69OXANrUaSuu9eInKg==
