# This file is generated by running "yarn install" inside your project.
# Manual changes might be lost - proceed with caution!

__metadata:
  version: 4
  cacheKey: 7

"@strdst/tsconfig@npm:^1.0.3":
  version: 1.0.3
  resolution: "@strdst/tsconfig@npm:1.0.3::__archiveUrl=https%3A%2F%2Fnpm.pkg.github.com%2Fdownload%2F%40strdst%2Ftsconfig%2F1.0.3%2Fce0fcc97e9ff1634f449cd3812a355cc1749d1ec6afb0c75b61f640f3ba5cd6e"
  dependencies:
    "@tsconfig/node14": ^1.0.0
  checksum: d694b326461621121c1714f439ab8556a8138660b2e6ef3fcc35c3f391b53307b44e75e49e1e5d174a2114a708df03b73b7f4128b780af86168a8010505720c5
  languageName: node
  linkType: hard

"@strdst/utils.binary@npm:^1.0.8":
  version: 1.0.8
  resolution: "@strdst/utils.binary@npm:1.0.8::__archiveUrl=https%3A%2F%2Fnpm.pkg.github.com%2Fdownload%2F%40strdst%2Futils.binary%2F1.0.8%2F61bde59d41ac9858a57ccc0e9462a81b990cd3e3fe507fccef682376409bbdc9"
  dependencies:
    "@strdst/utils.nbt": ^1.0.2
    uuid: ^8.3.0
  checksum: 701a7127aea22e4aec64a6417970580f20815eaa12b7ed1551e49086817e6ec04b96727d403d3326a79a02227d243045a02e216e2aa7a45a2a559d98a82876cf
  languageName: node
  linkType: hard

"@strdst/utils.nbt@npm:^1.0.2":
  version: 1.0.2
  resolution: "@strdst/utils.nbt@npm:1.0.2::__archiveUrl=https%3A%2F%2Fnpm.pkg.github.com%2Fdownload%2F%40strdst%2Futils.nbt%2F1.0.2%2F2ac0ab43add66538c356ebc40e536e300a88bdcd65f2566e7b7110e81c49091d"
  checksum: ff2311a6415774600e0949804c1e499d16f0a28002579e6feac55780c69b417b85d3baa7167fa66615b84d092722717916312d63c23ac03bcc1feb82686aa99e
  languageName: node
  linkType: hard

"@strdstnet/protocol@workspace:.":
  version: 0.0.0-use.local
  resolution: "@strdstnet/protocol@workspace:."
  dependencies:
    "@strdst/tsconfig": ^1.0.3
    "@strdst/utils.nbt": ^1.0.2
    "@strdstnet/utils.binary": ^1.1.9
    "@types/node": ^14.14.10
    typescript: ^4.1.2
  languageName: unknown
  linkType: soft

"@strdstnet/utils.binary@npm:^1.1.9":
  version: 1.1.9
  resolution: "@strdstnet/utils.binary@npm:1.1.9::__archiveUrl=https%3A%2F%2Fnpm.pkg.github.com%2Fdownload%2F%40strdstnet%2Futils.binary%2F1.1.9%2Faf3e9673206feccab23446d25a952528f88dff36daf9dea8f8ba85abf6418f3e"
  dependencies:
    "@strdst/utils.binary": ^1.0.8
    "@strdst/utils.nbt": ^1.0.2
    uuid: ^8.3.0
  checksum: f4578b2d5bdae26e449988a0867730020b7379bc616cdda67b633e1e8bbc160c33a267e719ee19d21c84d7787f88d32109f4d4adc20223d6f366492e4298b915
  languageName: node
  linkType: hard

"@tsconfig/node14@npm:^1.0.0":
  version: 1.0.0
  resolution: "@tsconfig/node14@npm:1.0.0"
  checksum: 3eda14250ed8a03910ce822056f0d2fc2bcf41d9f1f3c6b202a6b32277dc638f475425fe7a1c03fbdba4e7f3b89668ecbac92d101c9e9fb56018c098393759ec
  languageName: node
  linkType: hard

"@types/node@npm:^14.14.10":
  version: 14.14.35
  resolution: "@types/node@npm:14.14.35"
  checksum: 0f6320bf5370d1ff82105fb7f26aa0658499c97d3ec78561e65b65724280244f281602541182b63470d2c8a98db22fbb4f91409c5c7c97da8c3bb8f97fbc5dbc
  languageName: node
  linkType: hard

typescript@^4.1.2:
  version: 4.2.3
  resolution: "typescript@npm:4.2.3"
  bin:
    tsc: bin/tsc
    tsserver: bin/tsserver
  checksum: 06e8470f317db6f5e2fce809b20eb84a67a7d8179057abff36e5427bd1b891bd08e54581ff81f0fa36aef9b6d1eb0f54eaf6e2643c6dbd4e37a0adcc41eed256
  languageName: node
  linkType: hard

"typescript@patch:typescript@^4.1.2#builtin<compat/typescript>":
  version: 4.2.3
  resolution: "typescript@patch:typescript@npm%3A4.2.3#builtin<compat/typescript>::version=4.2.3&hash=a45b0e"
  bin:
    tsc: bin/tsc
    tsserver: bin/tsserver
  checksum: a8956044aabf730699bcc3c2475efdd3f35e509329325cf60b4989761d4c2188e2c474183e2cf92b8c201fcf976814a5a16f144508b2a832643c4f972d0ab803
  languageName: node
  linkType: hard

"uuid@npm:^8.3.0":
  version: 8.3.2
  resolution: "uuid@npm:8.3.2"
  bin:
    uuid: dist/bin/uuid
  checksum: aed2bcef341f95635f308fea8831fb9038b18c485fe7e71feb89d2e05602dfecad0cb6f2246fae096d4da425cca6e8a71056f28abd97ad98cf770a2018853248
  languageName: node
  linkType: hard
