# THIS IS AN AUTOGENERATED FILE. DO NOT EDIT THIS FILE DIRECTLY.
# yarn lockfile v1


"@strdst/tsconfig@^1.0.3":
  version "1.0.3"
  resolved "https://npm.pkg.github.com/download/@strdst/tsconfig/1.0.3/ce0fcc97e9ff1634f449cd3812a355cc1749d1ec6afb0c75b61f640f3ba5cd6e#d52e1e5b27f7967715df03cca76f3620fa3f831a"
  integrity sha512-Tmml1gR9pYMvoVjB5/ekW4ZcrzyUhKMQE/oKD/lwe95xRbBd5ULKPalClK7/1Mf/eBIM+oe7v2vYBRjhfUQKOw==
  dependencies:
    "@tsconfig/node14" "^1.0.0"

"@strdst/utils.binary@^1.0.4":
  version "1.0.4"
  resolved "https://npm.pkg.github.com/download/@strdst/utils.binary/1.0.4/e9f5591cf191a59901d42d68cf7858330d3725cacdf4c667153036d5be555451#54fb7d61082433497a2bb0f5fc544db4fa7780af"
  integrity sha512-+kJ7qizVDKrvXOnwv+JIh5cZ/rX8B2XUTkBht/gJZnMY2RLluRY62LVJpM79RYg3UabHABi006XYBpO2Iw62ZQ==
  dependencies:
    "@strdst/utils.nbt" "^1.0.2"
    uuid "^8.3.0"

"@strdst/utils.nbt@^1.0.2":
  version "1.0.2"
  resolved "https://npm.pkg.github.com/download/@strdst/utils.nbt/1.0.2/2ac0ab43add66538c356ebc40e536e300a88bdcd65f2566e7b7110e81c49091d#df949dc867568e290bc02dd9f2d2b591426d35a6"
  integrity sha512-vfGQuAlAfWYneIjHPDyQ4Z4+VUh85RaygVAg6PoZA3yiY51eGyMOMf+VHoSEmAcIFjr8rJZCb5Tenfcz0EfFBw==

"@strdstnet/utils.binary@^1.0.8":
  version "1.0.8"
  resolved "https://npm.pkg.github.com/download/@strdstnet/utils.binary/1.0.8/8f7ec5c39b87c4af523424d2bf138763b64a8cbc6842acf8fe9f85bb7e008bda#cbf68cb77400a0df2ee16c600ed3f78d4f2b1de0"
  integrity sha512-InRrRCE7ZAF5ik3M2ghnyMM11jkNcHmMNO2UP2yA4mfYWsi1ApIOLCeMG+N5Eo2GWnEW7iODPwltUu+08dkcrQ==
  dependencies:
    "@strdst/utils.binary" "^1.0.4"
    "@strdst/utils.nbt" "^1.0.2"
    uuid "^8.3.0"

"@tsconfig/node14@^1.0.0":
  version "1.0.0"
  resolved "https://registry.yarnpkg.com/@tsconfig/node14/-/node14-1.0.0.tgz#5bd046e508b1ee90bc091766758838741fdefd6e"
  integrity sha512-RKkL8eTdPv6t5EHgFKIVQgsDapugbuOptNd9OOunN/HAkzmmTnZELx1kNCK0rSdUYGmiFMM3rRQMAWiyp023LQ==

"@types/node@^14.14.10":
  version "14.14.10"
  resolved "https://registry.yarnpkg.com/@types/node/-/node-14.14.10.tgz#5958a82e41863cfc71f2307b3748e3491ba03785"
  integrity sha512-J32dgx2hw8vXrSbu4ZlVhn1Nm3GbeCFNw2FWL8S5QKucHGY0cyNwjdQdO+KMBZ4wpmC7KhLCiNsdk1RFRIYUQQ==

typescript@^4.1.2:
  version "4.1.2"
  resolved "https://registry.yarnpkg.com/typescript/-/typescript-4.1.2.tgz#6369ef22516fe5e10304aae5a5c4862db55380e9"
  integrity sha512-thGloWsGH3SOxv1SoY7QojKi0tc+8FnOmiarEGMbd/lar7QOEd3hvlx3Fp5y6FlDUGl9L+pd4n2e+oToGMmhRQ==

uuid@^8.3.0:
  version "8.3.1"
  resolved "https://registry.yarnpkg.com/uuid/-/uuid-8.3.1.tgz#2ba2e6ca000da60fce5a196954ab241131e05a31"
  integrity sha512-FOmRr+FmWEIG8uhZv6C2bTgEVXsHk08kE7mPlrBbEe+c3r9pjceVPgupIfNIhc4yx55H69OXANrUaSuu9eInKg==
